
Microsoft Visual Studio Solution File, Format Version 12.00
# Visual Studio Version 17
VisualStudioVersion = 17.9.34607.119
MinimumVisualStudioVersion = 10.0.40219.1
Project("{FAE04EC0-301F-11D3-BF4B-00C04F79EFBC}") = "CSharpLaba8", "CSharpLaba8\CSharpLaba8.csproj", "{6BC86661-DCB3-4806-96DC-D2A4291481B8}"
EndProject
Global
	GlobalSection(SolutionConfigurationPlatforms) = preSolution
		Debug|Any CPU = Debug|Any CPU
		Release|Any CPU = Release|Any CPU
	EndGlobalSection
	GlobalSection(ProjectConfigurationPlatforms) = postSolution
		{6BC86661-DCB3-4806-96DC-D2A4291481B8}.Debug|Any CPU.ActiveCfg = Debug|Any CPU
		{6BC86661-DCB3-4806-96DC-D2A4291481B8}.Debug|Any CPU.Build.0 = Debug|Any CPU
		{6BC86661-DCB3-4806-96DC-D2A4291481B8}.Release|Any CPU.ActiveCfg = Release|Any CPU
		{6BC86661-DCB3-4806-96DC-D2A4291481B8}.Release|Any CPU.Build.0 = Release|Any CPU
	EndGlobalSection
	GlobalSection(SolutionProperties) = preSolution
		HideSolutionNode = FALSE
	EndGlobalSection
	GlobalSection(ExtensibilityGlobals) = postSolution
		SolutionGuid = {93E73371-9D54-4C89-8B0D-DBBA003250C3}
	EndGlobalSection
EndGlobal
